// !$*UTF8*$!
{
	archiveVersion = 1;
	classes = {
	};
	objectVersion = 50;
	objects = {

/* Begin PBXBuildFile section */
		45162662241A329A0051C2E0 /* AppDelegate.swift in Sources */ = {isa = PBXBuildFile; fileRef = 45162661241A329A0051C2E0 /* AppDelegate.swift */; };
		45162664241A329A0051C2E0 /* SceneDelegate.swift in Sources */ = {isa = PBXBuildFile; fileRef = 45162663241A329A0051C2E0 /* SceneDelegate.swift */; };
		45162666241A329A0051C2E0 /* GoalsVC.swift in Sources */ = {isa = PBXBuildFile; fileRef = 45162665241A329A0051C2E0 /* GoalsVC.swift */; };
		45162669241A329A0051C2E0 /* Main.storyboard in Resources */ = {isa = PBXBuildFile; fileRef = 45162667241A329A0051C2E0 /* Main.storyboard */; };
		4516266C241A329A0051C2E0 /* my_goals_app.xcdatamodeld in Sources */ = {isa = PBXBuildFile; fileRef = 4516266A241A329A0051C2E0 /* my_goals_app.xcdatamodeld */; };
		4516266E241A329D0051C2E0 /* Assets.xcassets in Resources */ = {isa = PBXBuildFile; fileRef = 4516266D241A329D0051C2E0 /* Assets.xcassets */; };
		45162671241A329D0051C2E0 /* LaunchScreen.storyboard in Resources */ = {isa = PBXBuildFile; fileRef = 4516266F241A329D0051C2E0 /* LaunchScreen.storyboard */; };
		4516267D241A667C0051C2E0 /* GoalCell.swift in Sources */ = {isa = PBXBuildFile; fileRef = 4516267C241A667C0051C2E0 /* GoalCell.swift */; };
		45A055AA241F7138007AF3AB /* CreateGoalVC.swift in Sources */ = {isa = PBXBuildFile; fileRef = 45A055A9241F7138007AF3AB /* CreateGoalVC.swift */; };
		45A055AC241F769B007AF3AB /* UIViewControllerExt.swift in Sources */ = {isa = PBXBuildFile; fileRef = 45A055AB241F769B007AF3AB /* UIViewControllerExt.swift */; };
		45D72084241D8CA60027AA05 /* GoalType.swift in Sources */ = {isa = PBXBuildFile; fileRef = 45D72083241D8CA60027AA05 /* GoalType.swift */; };
/* End PBXBuildFile section */

/* Begin PBXFileReference section */
		4516265E241A329A0051C2E0 /* my-goals-app.app */ = {isa = PBXFileReference; explicitFileType = wrapper.application; includeInIndex = 0; path = "my-goals-app.app"; sourceTree = BUILT_PRODUCTS_DIR; };
		45162661241A329A0051C2E0 /* AppDelegate.swift */ = {isa = PBXFileReference; lastKnownFileType = sourcecode.swift; path = AppDelegate.swift; sourceTree = "<group>"; };
		45162663241A329A0051C2E0 /* SceneDelegate.swift */ = {isa = PBXFileReference; lastKnownFileType = sourcecode.swift; path = SceneDelegate.swift; sourceTree = "<group>"; };
		45162665241A329A0051C2E0 /* GoalsVC.swift */ = {isa = PBXFileReference; lastKnownFileType = sourcecode.swift; path = GoalsVC.swift; sourceTree = "<group>"; };
		45162668241A329A0051C2E0 /* Base */ = {isa = PBXFileReference; lastKnownFileType = file.storyboard; name = Base; path = Base.lproj/Main.storyboard; sourceTree = "<group>"; };
		4516266B241A329A0051C2E0 /* my_goals_app.xcdatamodel */ = {isa = PBXFileReference; lastKnownFileType = wrapper.xcdatamodel; path = my_goals_app.xcdatamodel; sourceTree = "<group>"; };
		4516266D241A329D0051C2E0 /* Assets.xcassets */ = {isa = PBXFileReference; lastKnownFileType = folder.assetcatalog; path = Assets.xcassets; sourceTree = "<group>"; };
		45162670241A329D0051C2E0 /* Base */ = {isa = PBXFileReference; lastKnownFileType = file.storyboard; name = Base; path = Base.lproj/LaunchScreen.storyboard; sourceTree = "<group>"; };
		45162672241A329D0051C2E0 /* Info.plist */ = {isa = PBXFileReference; lastKnownFileType = text.plist.xml; path = Info.plist; sourceTree = "<group>"; };
		4516267C241A667C0051C2E0 /* GoalCell.swift */ = {isa = PBXFileReference; lastKnownFileType = sourcecode.swift; path = GoalCell.swift; sourceTree = "<group>"; };
		45A055A9241F7138007AF3AB /* CreateGoalVC.swift */ = {isa = PBXFileReference; lastKnownFileType = sourcecode.swift; name = CreateGoalVC.swift; path = "my-goals-app/Controller/CreateGoalVC.swift"; sourceTree = SOURCE_ROOT; };
		45A055AB241F769B007AF3AB /* UIViewControllerExt.swift */ = {isa = PBXFileReference; lastKnownFileType = sourcecode.swift; path = UIViewControllerExt.swift; sourceTree = "<group>"; };
		45D72083241D8CA60027AA05 /* GoalType.swift */ = {isa = PBXFileReference; lastKnownFileType = sourcecode.swift; path = GoalType.swift; sourceTree = "<group>"; };
/* End PBXFileReference section */

/* Begin PBXFrameworksBuildPhase section */
		4516265B241A329A0051C2E0 /* Frameworks */ = {
			isa = PBXFrameworksBuildPhase;
			buildActionMask = 2147483647;
			files = (
			);
			runOnlyForDeploymentPostprocessing = 0;
		};
/* End PBXFrameworksBuildPhase section */

/* Begin PBXGroup section */
		45162655241A329A0051C2E0 = {
			isa = PBXGroup;
			children = (
				45162660241A329A0051C2E0 /* my-goals-app */,
				4516265F241A329A0051C2E0 /* Products */,
			);
			sourceTree = "<group>";
		};
		4516265F241A329A0051C2E0 /* Products */ = {
			isa = PBXGroup;
			children = (
				4516265E241A329A0051C2E0 /* my-goals-app.app */,
			);
			name = Products;
			sourceTree = "<group>";
		};
		45162660241A329A0051C2E0 /* my-goals-app */ = {
			isa = PBXGroup;
			children = (
				4516267B241A335B0051C2E0 /* Extentions */,
				4516267A241A33520051C2E0 /* Enums */,
				45162679241A334B0051C2E0 /* View */,
				45162678241A333A0051C2E0 /* Controller */,
				45162661241A329A0051C2E0 /* AppDelegate.swift */,
				45162663241A329A0051C2E0 /* SceneDelegate.swift */,
				45162667241A329A0051C2E0 /* Main.storyboard */,
				4516266D241A329D0051C2E0 /* Assets.xcassets */,
				4516266F241A329D0051C2E0 /* LaunchScreen.storyboard */,
				45162672241A329D0051C2E0 /* Info.plist */,
				4516266A241A329A0051C2E0 /* my_goals_app.xcdatamodeld */,
			);
			path = "my-goals-app";
			sourceTree = "<group>";
		};
		45162678241A333A0051C2E0 /* Controller */ = {
			isa = PBXGroup;
			children = (
				45162665241A329A0051C2E0 /* GoalsVC.swift */,
				45A055A9241F7138007AF3AB /* CreateGoalVC.swift */,
			);
			path = Controller;
			sourceTree = "<group>";
		};
		45162679241A334B0051C2E0 /* View */ = {
			isa = PBXGroup;
			children = (
				4516267C241A667C0051C2E0 /* GoalCell.swift */,
			);
			path = View;
			sourceTree = "<group>";
		};
		4516267A241A33520051C2E0 /* Enums */ = {
			isa = PBXGroup;
			children = (
				45D72083241D8CA60027AA05 /* GoalType.swift */,
			);
			path = Enums;
			sourceTree = "<group>";
		};
		4516267B241A335B0051C2E0 /* Extentions */ = {
			isa = PBXGroup;
			children = (
				45A055AB241F769B007AF3AB /* UIViewControllerExt.swift */,
			);
			path = Extentions;
			sourceTree = "<group>";
		};
/* End PBXGroup section */

/* Begin PBXNativeTarget section */
		4516265D241A329A0051C2E0 /* my-goals-app */ = {
			isa = PBXNativeTarget;
			buildConfigurationList = 45162675241A329D0051C2E0 /* Build configuration list for PBXNativeTarget "my-goals-app" */;
			buildPhases = (
				4516265A241A329A0051C2E0 /* Sources */,
				4516265B241A329A0051C2E0 /* Frameworks */,
				4516265C241A329A0051C2E0 /* Resources */,
			);
			buildRules = (
			);
			dependencies = (
			);
			name = "my-goals-app";
			productName = "my-goals-app";
			productReference = 4516265E241A329A0051C2E0 /* my-goals-app.app */;
			productType = "com.apple.product-type.application";
		};
/* End PBXNativeTarget section */

/* Begin PBXProject section */
		45162656241A329A0051C2E0 /* Project object */ = {
			isa = PBXProject;
			attributes = {
				LastSwiftUpdateCheck = 1130;
				LastUpgradeCheck = 1130;
				ORGANIZATIONNAME = "Sunimal Herath";
				TargetAttributes = {
					4516265D241A329A0051C2E0 = {
						CreatedOnToolsVersion = 11.3.1;
					};
				};
			};
			buildConfigurationList = 45162659241A329A0051C2E0 /* Build configuration list for PBXProject "my-goals-app" */;
			compatibilityVersion = "Xcode 9.3";
			developmentRegion = en;
			hasScannedForEncodings = 0;
			knownRegions = (
				en,
				Base,
			);
			mainGroup = 45162655241A329A0051C2E0;
			productRefGroup = 4516265F241A329A0051C2E0 /* Products */;
			projectDirPath = "";
			projectRoot = "";
			targets = (
				4516265D241A329A0051C2E0 /* my-goals-app */,
			);
		};
/* End PBXProject section */

/* Begin PBXResourcesBuildPhase section */
		4516265C241A329A0051C2E0 /* Resources */ = {
			isa = PBXResourcesBuildPhase;
			buildActionMask = 2147483647;
			files = (
				45162671241A329D0051C2E0 /* LaunchScreen.storyboard in Resources */,
				4516266E241A329D0051C2E0 /* Assets.xcassets in Resources */,
				45162669241A329A0051C2E0 /* Main.storyboard in Resources */,
			);
			runOnlyForDeploymentPostprocessing = 0;
		};
/* End PBXResourcesBuildPhase section */

/* Begin PBXSourcesBuildPhase section */
		4516265A241A329A0051C2E0 /* Sources */ = {
			isa = PBXSourcesBuildPhase;
			buildActionMask = 2147483647;
			files = (
				4516266C241A329A0051C2E0 /* my_goals_app.xcdatamodeld in Sources */,
				45162666241A329A0051C2E0 /* GoalsVC.swift in Sources */,
				45A055AC241F769B007AF3AB /* UIViewControllerExt.swift in Sources */,
				45D72084241D8CA60027AA05 /* GoalType.swift in Sources */,
				45162662241A329A0051C2E0 /* AppDelegate.swift in Sources */,
				45A055AA241F7138007AF3AB /* CreateGoalVC.swift in Sources */,
				4516267D241A667C0051C2E0 /* GoalCell.swift in Sources */,
				45162664241A329A0051C2E0 /* SceneDelegate.swift in Sources */,
			);
			runOnlyForDeploymentPostprocessing = 0;
		};
/* End PBXSourcesBuildPhase section */

/* Begin PBXVariantGroup section */
		45162667241A329A0051C2E0 /* Main.storyboard */ = {
			isa = PBXVariantGroup;
			children = (
				45162668241A329A0051C2E0 /* Base */,
			);
			name = Main.storyboard;
			sourceTree = "<group>";
		};
		4516266F241A329D0051C2E0 /* LaunchScreen.storyboard */ = {
			isa = PBXVariantGroup;
			children = (
				45162670241A329D0051C2E0 /* Base */,
			);
			name = LaunchScreen.storyboard;
			sourceTree = "<group>";
		};
/* End PBXVariantGroup section */

/* Begin XCBuildConfiguration section */
		45162673241A329D0051C2E0 /* Debug */ = {
			isa = XCBuildConfiguration;
			buildSettings = {
				ALWAYS_SEARCH_USER_PATHS = NO;
				CLANG_ANALYZER_NONNULL = YES;
				CLANG_ANALYZER_NUMBER_OBJECT_CONVERSION = YES_AGGRESSIVE;
				CLANG_CXX_LANGUAGE_STANDARD = "gnu++14";
				CLANG_CXX_LIBRARY = "libc++";
				CLANG_ENABLE_MODULES = YES;
				CLANG_ENABLE_OBJC_ARC = YES;
				CLANG_ENABLE_OBJC_WEAK = YES;
				CLANG_WARN_BLOCK_CAPTURE_AUTORELEASING = YES;
				CLANG_WARN_BOOL_CONVERSION = YES;
				CLANG_WARN_COMMA = YES;
				CLANG_WARN_CONSTANT_CONVERSION = YES;
				CLANG_WARN_DEPRECATED_OBJC_IMPLEMENTATIONS = YES;
				CLANG_WARN_DIRECT_OBJC_ISA_USAGE = YES_ERROR;
				CLANG_WARN_DOCUMENTATION_COMMENTS = YES;
				CLANG_WARN_EMPTY_BODY = YES;
				CLANG_WARN_ENUM_CONVERSION = YES;
				CLANG_WARN_INFINITE_RECURSION = YES;
				CLANG_WARN_INT_CONVERSION = YES;
				CLANG_WARN_NON_LITERAL_NULL_CONVERSION = YES;
				CLANG_WARN_OBJC_IMPLICIT_RETAIN_SELF = YES;
				CLANG_WARN_OBJC_LITERAL_CONVERSION = YES;
				CLANG_WARN_OBJC_ROOT_CLASS = YES_ERROR;
				CLANG_WARN_RANGE_LOOP_ANALYSIS = YES;
				CLANG_WARN_STRICT_PROTOTYPES = YES;
				CLANG_WARN_SUSPICIOUS_MOVE = YES;
				CLANG_WARN_UNGUARDED_AVAILABILITY = YES_AGGRESSIVE;
				CLANG_WARN_UNREACHABLE_CODE = YES;
				CLANG_WARN__DUPLICATE_METHOD_MATCH = YES;
				COPY_PHASE_STRIP = NO;
				DEBUG_INFORMATION_FORMAT = dwarf;
				ENABLE_STRICT_OBJC_MSGSEND = YES;
				ENABLE_TESTABILITY = YES;
				GCC_C_LANGUAGE_STANDARD = gnu11;
				GCC_DYNAMIC_NO_PIC = NO;
				GCC_NO_COMMON_BLOCKS = YES;
				GCC_OPTIMIZATION_LEVEL = 0;
				GCC_PREPROCESSOR_DEFINITIONS = (
					"DEBUG=1",
					"$(inherited)",
				);
				GCC_WARN_64_TO_32_BIT_CONVERSION = YES;
				GCC_WARN_ABOUT_RETURN_TYPE = YES_ERROR;
				GCC_WARN_UNDECLARED_SELECTOR = YES;
				GCC_WARN_UNINITIALIZED_AUTOS = YES_AGGRESSIVE;
				GCC_WARN_UNUSED_FUNCTION = YES;
				GCC_WARN_UNUSED_VARIABLE = YES;
				IPHONEOS_DEPLOYMENT_TARGET = 13.2;
				MTL_ENABLE_DEBUG_INFO = INCLUDE_SOURCE;
				MTL_FAST_MATH = YES;
				ONLY_ACTIVE_ARCH = YES;
				SDKROOT = iphoneos;
				SWIFT_ACTIVE_COMPILATION_CONDITIONS = DEBUG;
				SWIFT_OPTIMIZATION_LEVEL = "-Onone";
			};
			name = Debug;
		};
		45162674241A329D0051C2E0 /* Release */ = {
			isa = XCBuildConfiguration;
			buildSettings = {
				ALWAYS_SEARCH_USER_PATHS = NO;
				CLANG_ANALYZER_NONNULL = YES;
				CLANG_ANALYZER_NUMBER_OBJECT_CONVERSION = YES_AGGRESSIVE;
				CLANG_CXX_LANGUAGE_STANDARD = "gnu++14";
				CLANG_CXX_LIBRARY = "libc++";
				CLANG_ENABLE_MODULES = YES;
				CLANG_ENABLE_OBJC_ARC = YES;
				CLANG_ENABLE_OBJC_WEAK = YES;
				CLANG_WARN_BLOCK_CAPTURE_AUTORELEASING = YES;
				CLANG_WARN_BOOL_CONVERSION = YES;
				CLANG_WARN_COMMA = YES;
				CLANG_WARN_CONSTANT_CONVERSION = YES;
				CLANG_WARN_DEPRECATED_OBJC_IMPLEMENTATIONS = YES;
				CLANG_WARN_DIRECT_OBJC_ISA_USAGE = YES_ERROR;
				CLANG_WARN_DOCUMENTATION_COMMENTS = YES;
				CLANG_WARN_EMPTY_BODY = YES;
				CLANG_WARN_ENUM_CONVERSION = YES;
				CLANG_WARN_INFINITE_RECURSION = YES;
				CLANG_WARN_INT_CONVERSION = YES;
				CLANG_WARN_NON_LITERAL_NULL_CONVERSION = YES;
				CLANG_WARN_OBJC_IMPLICIT_RETAIN_SELF = YES;
				CLANG_WARN_OBJC_LITERAL_CONVERSION = YES;
				CLANG_WARN_OBJC_ROOT_CLASS = YES_ERROR;
				CLANG_WARN_RANGE_LOOP_ANALYSIS = YES;
				CLANG_WARN_STRICT_PROTOTYPES = YES;
				CLANG_WARN_SUSPICIOUS_MOVE = YES;
				CLANG_WARN_UNGUARDED_AVAILABILITY = YES_AGGRESSIVE;
				CLANG_WARN_UNREACHABLE_CODE = YES;
				CLANG_WARN__DUPLICATE_METHOD_MATCH = YES;
				COPY_PHASE_STRIP = NO;
				DEBUG_INFORMATION_FORMAT = "dwarf-with-dsym";
				ENABLE_NS_ASSERTIONS = NO;
				ENABLE_STRICT_OBJC_MSGSEND = YES;
				GCC_C_LANGUAGE_STANDARD = gnu11;
				GCC_NO_COMMON_BLOCKS = YES;
				GCC_WARN_64_TO_32_BIT_CONVERSION = YES;
				GCC_WARN_ABOUT_RETURN_TYPE = YES_ERROR;
				GCC_WARN_UNDECLARED_SELECTOR = YES;
				GCC_WARN_UNINITIALIZED_AUTOS = YES_AGGRESSIVE;
				GCC_WARN_UNUSED_FUNCTION = YES;
				GCC_WARN_UNUSED_VARIABLE = YES;
				IPHONEOS_DEPLOYMENT_TARGET = 13.2;
				MTL_ENABLE_DEBUG_INFO = NO;
				MTL_FAST_MATH = YES;
				SDKROOT = iphoneos;
				SWIFT_COMPILATION_MODE = wholemodule;
				SWIFT_OPTIMIZATION_LEVEL = "-O";
				VALIDATE_PRODUCT = YES;
			};
			name = Release;
		};
		45162676241A329D0051C2E0 /* Debug */ = {
			isa = XCBuildConfiguration;
			buildSettings = {
				ASSETCATALOG_COMPILER_APPICON_NAME = AppIcon;
				CODE_SIGN_STYLE = Automatic;
				DEVELOPMENT_TEAM = 8TT3935U7A;
				INFOPLIST_FILE = "my-goals-app/Info.plist";
				IPHONEOS_DEPLOYMENT_TARGET = 12.0;
				LD_RUNPATH_SEARCH_PATHS = (
					"$(inherited)",
					"@executable_path/Frameworks",
				);
				PRODUCT_BUNDLE_IDENTIFIER = "com.cod3breaker.my-goals-app";
				PRODUCT_NAME = "$(TARGET_NAME)";
				SWIFT_VERSION = 5.0;
				TARGETED_DEVICE_FAMILY = 1;
			};
			name = Debug;
		};
		45162677241A329D0051C2E0 /* Release */ = {
			isa = XCBuildConfiguration;
			buildSettings = {
				ASSETCATALOG_COMPILER_APPICON_NAME = AppIcon;
				CODE_SIGN_STYLE = Automatic;
				DEVELOPMENT_TEAM = 8TT3935U7A;
				INFOPLIST_FILE = "my-goals-app/Info.plist";
				IPHONEOS_DEPLOYMENT_TARGET = 12.0;
				LD_RUNPATH_SEARCH_PATHS = (
					"$(inherited)",
					"@executable_path/Frameworks",
				);
				PRODUCT_BUNDLE_IDENTIFIER = "com.cod3breaker.my-goals-app";
				PRODUCT_NAME = "$(TARGET_NAME)";
				SWIFT_VERSION = 5.0;
				TARGETED_DEVICE_FAMILY = 1;
			};
			name = Release;
		};
/* End XCBuildConfiguration section */

/* Begin XCConfigurationList section */
		45162659241A329A0051C2E0 /* Build configuration list for PBXProject "my-goals-app" */ = {
			isa = XCConfigurationList;
			buildConfigurations = (
				45162673241A329D0051C2E0 /* Debug */,
				45162674241A329D0051C2E0 /* Release */,
			);
			defaultConfigurationIsVisible = 0;
			defaultConfigurationName = Release;
		};
		45162675241A329D0051C2E0 /* Build configuration list for PBXNativeTarget "my-goals-app" */ = {
			isa = XCConfigurationList;
			buildConfigurations = (
				45162676241A329D0051C2E0 /* Debug */,
				45162677241A329D0051C2E0 /* Release */,
			);
			defaultConfigurationIsVisible = 0;
			defaultConfigurationName = Release;
		};
/* End XCConfigurationList section */

/* Begin XCVersionGroup section */
		4516266A241A329A0051C2E0 /* my_goals_app.xcdatamodeld */ = {
			isa = XCVersionGroup;
			children = (
				4516266B241A329A0051C2E0 /* my_goals_app.xcdatamodel */,
			);
			currentVersion = 4516266B241A329A0051C2E0 /* my_goals_app.xcdatamodel */;
			path = my_goals_app.xcdatamodeld;
			sourceTree = "<group>";
			versionGroupType = wrapper.xcdatamodel;
		};
/* End XCVersionGroup section */
	};
	rootObject = 45162656241A329A0051C2E0 /* Project object */;
}
